
Microsoft Visual Studio Solution File, Format Version 12.00
# Visual Studio Version 17
VisualStudioVersion = 17.3.32825.248
MinimumVisualStudioVersion = 10.0.40219.1
Project("{FAE04EC0-301F-11D3-BF4B-00C04F79EFBC}") = "TmsApp", "TmsApp.csproj", "{3EE33171-A20E-4BC6-86E9-3CD3D3ADD4FE}"
EndProject
Global
	GlobalSection(SolutionConfigurationPlatforms) = preSolution
		Debug|Any CPU = Debug|Any CPU
		Release|Any CPU = Release|Any CPU
	EndGlobalSection
	GlobalSection(ProjectConfigurationPlatforms) = postSolution
		{3EE33171-A20E-4BC6-86E9-3CD3D3ADD4FE}.Debug|Any CPU.ActiveCfg = Debug|Any CPU
		{3EE33171-A20E-4BC6-86E9-3CD3D3ADD4FE}.Debug|Any CPU.Build.0 = Debug|Any CPU
		{3EE33171-A20E-4BC6-86E9-3CD3D3ADD4FE}.Release|Any CPU.ActiveCfg = Release|Any CPU
		{3EE33171-A20E-4BC6-86E9-3CD3D3ADD4FE}.Release|Any CPU.Build.0 = Release|Any CPU
	EndGlobalSection
	GlobalSection(SolutionProperties) = preSolution
		HideSolutionNode = FALSE
	EndGlobalSection
	GlobalSection(ExtensibilityGlobals) = postSolution
		SolutionGuid = {B54FCB28-E20F-43DB-8341-5CE1E0A1B961}
	EndGlobalSection
EndGlobal
